
Microsoft Visual Studio Solution File, Format Version 10.00
# Visual Studio 2008
Project("{58CE94FC-3E1D-429F-8578-5C016B7DA94E}") = "GSSubdivision", "GSSubdivision.vcproj", "{ABE3FF02-3154-43E7-B15E-DF6A69D403B5}"
	ProjectSection(ProjectDependencies) = postProject
		{5C9DF018-9495-4C20-BE26-E830A0AB3D08} = {5C9DF018-9495-4C20-BE26-E830A0AB3D08}
		{DF460EAB-570D-4B50-9089-2E2FC801BF38} = {DF460EAB-570D-4B50-9089-2E2FC801BF38}
	EndProjectSection
EndProject
Project("{58CE94FC-3E1D-429F-8578-5C016B7DA94E}") = "Common", "..\..\Common\Common.vcproj", "{5C9DF018-9495-4C20-BE26-E830A0AB3D08}"
EndProject
Project("{58CE94FC-3E1D-429F-8578-5C016B7DA94E}") = "Effects11", "..\..\Effects11\Effects11_2008.vcproj", "{DF460EAB-570D-4B50-9089-2E2FC801BF38}"
EndProject
Global
	GlobalSection(SolutionConfigurationPlatforms) = preSolution
		Debug|Win32 = Debug|Win32
		Debug|x64 = Debug|x64
		Release|Win32 = Release|Win32
		Release|x64 = Release|x64
	EndGlobalSection
	GlobalSection(ProjectConfigurationPlatforms) = postSolution
		{ABE3FF02-3154-43E7-B15E-DF6A69D403B5}.Debug|Win32.ActiveCfg = Debug|Win32
		{ABE3FF02-3154-43E7-B15E-DF6A69D403B5}.Debug|Win32.Build.0 = Debug|Win32
		{ABE3FF02-3154-43E7-B15E-DF6A69D403B5}.Debug|x64.ActiveCfg = Debug|Win32
		{ABE3FF02-3154-43E7-B15E-DF6A69D403B5}.Release|Win32.ActiveCfg = Release|Win32
		{ABE3FF02-3154-43E7-B15E-DF6A69D403B5}.Release|Win32.Build.0 = Release|Win32
		{ABE3FF02-3154-43E7-B15E-DF6A69D403B5}.Release|x64.ActiveCfg = Release|Win32
		{5C9DF018-9495-4C20-BE26-E830A0AB3D08}.Debug|Win32.ActiveCfg = Debug|Win32
		{5C9DF018-9495-4C20-BE26-E830A0AB3D08}.Debug|Win32.Build.0 = Debug|Win32
		{5C9DF018-9495-4C20-BE26-E830A0AB3D08}.Debug|x64.ActiveCfg = Debug|Win32
		{5C9DF018-9495-4C20-BE26-E830A0AB3D08}.Release|Win32.ActiveCfg = Release|Win32
		{5C9DF018-9495-4C20-BE26-E830A0AB3D08}.Release|Win32.Build.0 = Release|Win32
		{5C9DF018-9495-4C20-BE26-E830A0AB3D08}.Release|x64.ActiveCfg = Release|Win32
		{DF460EAB-570D-4B50-9089-2E2FC801BF38}.Debug|Win32.ActiveCfg = Debug|Win32
		{DF460EAB-570D-4B50-9089-2E2FC801BF38}.Debug|Win32.Build.0 = Debug|Win32
		{DF460EAB-570D-4B50-9089-2E2FC801BF38}.Debug|x64.ActiveCfg = Debug|x64
		{DF460EAB-570D-4B50-9089-2E2FC801BF38}.Debug|x64.Build.0 = Debug|x64
		{DF460EAB-570D-4B50-9089-2E2FC801BF38}.Release|Win32.ActiveCfg = Release|Win32
		{DF460EAB-570D-4B50-9089-2E2FC801BF38}.Release|Win32.Build.0 = Release|Win32
		{DF460EAB-570D-4B50-9089-2E2FC801BF38}.Release|x64.ActiveCfg = Release|x64
		{DF460EAB-570D-4B50-9089-2E2FC801BF38}.Release|x64.Build.0 = Release|x64
	EndGlobalSection
	GlobalSection(SolutionProperties) = preSolution
		HideSolutionNode = FALSE
	EndGlobalSection
EndGlobal
